
Microsoft Visual Studio Solution File, Format Version 12.00
# Visual Studio 2013
VisualStudioVersion = 12.0.31101.0
MinimumVisualStudioVersion = 10.0.40219.1
Project("{FAE04EC0-301F-11D3-BF4B-00C04F79EFBC}") = "Invitation", "Invitation\Invitation.csproj", "{6042B77A-7CAF-445D-9CF6-330DE08BDCC4}"
EndProject
Project("{FAE04EC0-301F-11D3-BF4B-00C04F79EFBC}") = "InvitationTest", "InvitationTest\InvitationTest.csproj", "{15FCFB62-F23D-47FD-BCC1-EBD2D273594D}"
EndProject
Global
	GlobalSection(SolutionConfigurationPlatforms) = preSolution
		Debug|Any CPU = Debug|Any CPU
		Release|Any CPU = Release|Any CPU
	EndGlobalSection
	GlobalSection(ProjectConfigurationPlatforms) = postSolution
		{6042B77A-7CAF-445D-9CF6-330DE08BDCC4}.Debug|Any CPU.ActiveCfg = Debug|Any CPU
		{6042B77A-7CAF-445D-9CF6-330DE08BDCC4}.Debug|Any CPU.Build.0 = Debug|Any CPU
		{6042B77A-7CAF-445D-9CF6-330DE08BDCC4}.Release|Any CPU.ActiveCfg = Release|Any CPU
		{6042B77A-7CAF-445D-9CF6-330DE08BDCC4}.Release|Any CPU.Build.0 = Release|Any CPU
		{15FCFB62-F23D-47FD-BCC1-EBD2D273594D}.Debug|Any CPU.ActiveCfg = Debug|Any CPU
		{15FCFB62-F23D-47FD-BCC1-EBD2D273594D}.Debug|Any CPU.Build.0 = Debug|Any CPU
		{15FCFB62-F23D-47FD-BCC1-EBD2D273594D}.Release|Any CPU.ActiveCfg = Release|Any CPU
		{15FCFB62-F23D-47FD-BCC1-EBD2D273594D}.Release|Any CPU.Build.0 = Release|Any CPU
	EndGlobalSection
	GlobalSection(SolutionProperties) = preSolution
		HideSolutionNode = FALSE
	EndGlobalSection
EndGlobal
